
Microsoft Visual Studio Solution File, Format Version 12.00
# Visual Studio Version 16
VisualStudioVersion = 16.0.29806.167
MinimumVisualStudioVersion = 10.0.40219.1
Project("{FAE04EC0-301F-11D3-BF4B-00C04F79EFBC}") = "MPI_CustomMVVM_WPF", "MPI_CustomMVVM_WPF\MPI_CustomMVVM_WPF.csproj", "{307E2A9B-3A77-4436-9DEE-6CA00689388A}"
EndProject
Project("{FAE04EC0-301F-11D3-BF4B-00C04F79EFBC}") = "MPILibrary", "MPILibrary\MPILibrary.csproj", "{96DA43CE-AB51-4F07-8007-5E1D9193B961}"
EndProject
Project("{FAE04EC0-301F-11D3-BF4B-00C04F79EFBC}") = "StateControlLibrary", "StateControlLibrary\StateControlLibrary.csproj", "{18DA49BB-E7A2-46DA-A0DC-1CAB77A52B0D}"
EndProject
Project("{FAE04EC0-301F-11D3-BF4B-00C04F79EFBC}") = "VINLibrary", "ApiLibrary\VINLibrary.csproj", "{6094496D-930F-48F8-9FF1-842E4DD7BB04}"
EndProject
Project("{FAE04EC0-301F-11D3-BF4B-00C04F79EFBC}") = "JsonLibrary", "JsonLibrary\JsonLibrary.csproj", "{BE4CDB86-36CD-4ACD-8AF4-A48A5C6D1B5F}"
EndProject
Global
	GlobalSection(SolutionConfigurationPlatforms) = preSolution
		Debug|Any CPU = Debug|Any CPU
		Release|Any CPU = Release|Any CPU
	EndGlobalSection
	GlobalSection(ProjectConfigurationPlatforms) = postSolution
		{307E2A9B-3A77-4436-9DEE-6CA00689388A}.Debug|Any CPU.ActiveCfg = Debug|Any CPU
		{307E2A9B-3A77-4436-9DEE-6CA00689388A}.Debug|Any CPU.Build.0 = Debug|Any CPU
		{307E2A9B-3A77-4436-9DEE-6CA00689388A}.Release|Any CPU.ActiveCfg = Release|Any CPU
		{307E2A9B-3A77-4436-9DEE-6CA00689388A}.Release|Any CPU.Build.0 = Release|Any CPU
		{96DA43CE-AB51-4F07-8007-5E1D9193B961}.Debug|Any CPU.ActiveCfg = Debug|Any CPU
		{96DA43CE-AB51-4F07-8007-5E1D9193B961}.Debug|Any CPU.Build.0 = Debug|Any CPU
		{96DA43CE-AB51-4F07-8007-5E1D9193B961}.Release|Any CPU.ActiveCfg = Release|Any CPU
		{96DA43CE-AB51-4F07-8007-5E1D9193B961}.Release|Any CPU.Build.0 = Release|Any CPU
		{18DA49BB-E7A2-46DA-A0DC-1CAB77A52B0D}.Debug|Any CPU.ActiveCfg = Debug|Any CPU
		{18DA49BB-E7A2-46DA-A0DC-1CAB77A52B0D}.Debug|Any CPU.Build.0 = Debug|Any CPU
		{18DA49BB-E7A2-46DA-A0DC-1CAB77A52B0D}.Release|Any CPU.ActiveCfg = Release|Any CPU
		{18DA49BB-E7A2-46DA-A0DC-1CAB77A52B0D}.Release|Any CPU.Build.0 = Release|Any CPU
		{6094496D-930F-48F8-9FF1-842E4DD7BB04}.Debug|Any CPU.ActiveCfg = Debug|Any CPU
		{6094496D-930F-48F8-9FF1-842E4DD7BB04}.Debug|Any CPU.Build.0 = Debug|Any CPU
		{6094496D-930F-48F8-9FF1-842E4DD7BB04}.Release|Any CPU.ActiveCfg = Release|Any CPU
		{6094496D-930F-48F8-9FF1-842E4DD7BB04}.Release|Any CPU.Build.0 = Release|Any CPU
		{BE4CDB86-36CD-4ACD-8AF4-A48A5C6D1B5F}.Debug|Any CPU.ActiveCfg = Debug|Any CPU
		{BE4CDB86-36CD-4ACD-8AF4-A48A5C6D1B5F}.Debug|Any CPU.Build.0 = Debug|Any CPU
		{BE4CDB86-36CD-4ACD-8AF4-A48A5C6D1B5F}.Release|Any CPU.ActiveCfg = Release|Any CPU
		{BE4CDB86-36CD-4ACD-8AF4-A48A5C6D1B5F}.Release|Any CPU.Build.0 = Release|Any CPU
	EndGlobalSection
	GlobalSection(SolutionProperties) = preSolution
		HideSolutionNode = FALSE
	EndGlobalSection
	GlobalSection(ExtensibilityGlobals) = postSolution
		SolutionGuid = {493BD1DC-07F9-43A6-8D64-BEF2EE27004A}
	EndGlobalSection
EndGlobal
